// !$*UTF8*$!
{
	archiveVersion = 1;
	classes = {
	};
	objectVersion = 46;
	objects = {

/* Begin PBXBuildFile section */
		1D55BE7E1EF3FEE900423177 /* DXHelper.m in Sources */ = {isa = PBXBuildFile; fileRef = 1D55BE7D1EF3FEE900423177 /* DXHelper.m */; };
		1D55BE7F1EF3FEE900423177 /* DXHelper.h in CopyFiles */ = {isa = PBXBuildFile; fileRef = 1D55BE7C1EF3FEE900423177 /* DXHelper.h */; };
		1D55BE8A1EF3FF5500423177 /* UIColor+DXHelper.m in Sources */ = {isa = PBXBuildFile; fileRef = 1D55BE891EF3FF5500423177 /* UIColor+DXHelper.m */; };
		1D55BE8D1EF3FF7300423177 /* UIView+DXHelper.m in Sources */ = {isa = PBXBuildFile; fileRef = 1D55BE8C1EF3FF7300423177 /* UIView+DXHelper.m */; };
		1D55BE901EF400EE00423177 /* NSString+DXHelper.m in Sources */ = {isa = PBXBuildFile; fileRef = 1D55BE8F1EF400EE00423177 /* NSString+DXHelper.m */; };
		1D55BE931EF4010B00423177 /* NSMutableString+DXHelper.m in Sources */ = {isa = PBXBuildFile; fileRef = 1D55BE921EF4010B00423177 /* NSMutableString+DXHelper.m */; };
		1D55BE961EF4012400423177 /* NSAttributedString+DXHelper.m in Sources */ = {isa = PBXBuildFile; fileRef = 1D55BE951EF4012400423177 /* NSAttributedString+DXHelper.m */; };
		1D55BE991EF4013E00423177 /* NSMutableAttributedString+DXHelper.m in Sources */ = {isa = PBXBuildFile; fileRef = 1D55BE981EF4013E00423177 /* NSMutableAttributedString+DXHelper.m */; };
		1D55BE9C1EF4015200423177 /* NSDictionary+DXHelper.m in Sources */ = {isa = PBXBuildFile; fileRef = 1D55BE9B1EF4015200423177 /* NSDictionary+DXHelper.m */; };
		1D55BE9F1EF4016A00423177 /* NSDate+DXHelper.m in Sources */ = {isa = PBXBuildFile; fileRef = 1D55BE9E1EF4016A00423177 /* NSDate+DXHelper.m */; };
		1D55BEA21EF4017C00423177 /* NSData+DXHelper.m in Sources */ = {isa = PBXBuildFile; fileRef = 1D55BEA11EF4017C00423177 /* NSData+DXHelper.m */; };
		1D55BEA51EF4025000423177 /* UIViewController+DXHelper.m in Sources */ = {isa = PBXBuildFile; fileRef = 1D55BEA41EF4025000423177 /* UIViewController+DXHelper.m */; };
		1D55BEA91EF402C400423177 /* DXCell.m in Sources */ = {isa = PBXBuildFile; fileRef = 1D55BEA81EF402C400423177 /* DXCell.m */; };
/* End PBXBuildFile section */

/* Begin PBXCopyFilesBuildPhase section */
		1D55BE771EF3FEE900423177 /* CopyFiles */ = {
			isa = PBXCopyFilesBuildPhase;
			buildActionMask = 2147483647;
			dstPath = "include/$(PRODUCT_NAME)";
			dstSubfolderSpec = 16;
			files = (
				1D55BE7F1EF3FEE900423177 /* DXHelper.h in CopyFiles */,
			);
			runOnlyForDeploymentPostprocessing = 0;
		};
/* End PBXCopyFilesBuildPhase section */

/* Begin PBXFileReference section */
		1D11BBF71EF415A400A8B845 /* DXHelper.podspec */ = {isa = PBXFileReference; lastKnownFileType = text; path = DXHelper.podspec; sourceTree = "<group>"; };
		1D55BE791EF3FEE900423177 /* libDXHelper.a */ = {isa = PBXFileReference; explicitFileType = archive.ar; includeInIndex = 0; path = libDXHelper.a; sourceTree = BUILT_PRODUCTS_DIR; };
		1D55BE7C1EF3FEE900423177 /* DXHelper.h */ = {isa = PBXFileReference; lastKnownFileType = sourcecode.c.h; path = DXHelper.h; sourceTree = "<group>"; };
		1D55BE7D1EF3FEE900423177 /* DXHelper.m */ = {isa = PBXFileReference; lastKnownFileType = sourcecode.c.objc; path = DXHelper.m; sourceTree = "<group>"; };
		1D55BE881EF3FF5500423177 /* UIColor+DXHelper.h */ = {isa = PBXFileReference; fileEncoding = 4; lastKnownFileType = sourcecode.c.h; path = "UIColor+DXHelper.h"; sourceTree = "<group>"; };
		1D55BE891EF3FF5500423177 /* UIColor+DXHelper.m */ = {isa = PBXFileReference; fileEncoding = 4; lastKnownFileType = sourcecode.c.objc; path = "UIColor+DXHelper.m"; sourceTree = "<group>"; };
		1D55BE8B1EF3FF7300423177 /* UIView+DXHelper.h */ = {isa = PBXFileReference; fileEncoding = 4; lastKnownFileType = sourcecode.c.h; path = "UIView+DXHelper.h"; sourceTree = "<group>"; };
		1D55BE8C1EF3FF7300423177 /* UIView+DXHelper.m */ = {isa = PBXFileReference; fileEncoding = 4; lastKnownFileType = sourcecode.c.objc; path = "UIView+DXHelper.m"; sourceTree = "<group>"; };
		1D55BE8E1EF400EE00423177 /* NSString+DXHelper.h */ = {isa = PBXFileReference; fileEncoding = 4; lastKnownFileType = sourcecode.c.h; path = "NSString+DXHelper.h"; sourceTree = "<group>"; };
		1D55BE8F1EF400EE00423177 /* NSString+DXHelper.m */ = {isa = PBXFileReference; fileEncoding = 4; lastKnownFileType = sourcecode.c.objc; path = "NSString+DXHelper.m"; sourceTree = "<group>"; };
		1D55BE911EF4010B00423177 /* NSMutableString+DXHelper.h */ = {isa = PBXFileReference; fileEncoding = 4; lastKnownFileType = sourcecode.c.h; path = "NSMutableString+DXHelper.h"; sourceTree = "<group>"; };
		1D55BE921EF4010B00423177 /* NSMutableString+DXHelper.m */ = {isa = PBXFileReference; fileEncoding = 4; lastKnownFileType = sourcecode.c.objc; path = "NSMutableString+DXHelper.m"; sourceTree = "<group>"; };
		1D55BE941EF4012400423177 /* NSAttributedString+DXHelper.h */ = {isa = PBXFileReference; fileEncoding = 4; lastKnownFileType = sourcecode.c.h; path = "NSAttributedString+DXHelper.h"; sourceTree = "<group>"; };
		1D55BE951EF4012400423177 /* NSAttributedString+DXHelper.m */ = {isa = PBXFileReference; fileEncoding = 4; lastKnownFileType = sourcecode.c.objc; path = "NSAttributedString+DXHelper.m"; sourceTree = "<group>"; };
		1D55BE971EF4013E00423177 /* NSMutableAttributedString+DXHelper.h */ = {isa = PBXFileReference; fileEncoding = 4; lastKnownFileType = sourcecode.c.h; path = "NSMutableAttributedString+DXHelper.h"; sourceTree = "<group>"; };
		1D55BE981EF4013E00423177 /* NSMutableAttributedString+DXHelper.m */ = {isa = PBXFileReference; fileEncoding = 4; lastKnownFileType = sourcecode.c.objc; path = "NSMutableAttributedString+DXHelper.m"; sourceTree = "<group>"; };
		1D55BE9A1EF4015200423177 /* NSDictionary+DXHelper.h */ = {isa = PBXFileReference; fileEncoding = 4; lastKnownFileType = sourcecode.c.h; path = "NSDictionary+DXHelper.h"; sourceTree = "<group>"; };
		1D55BE9B1EF4015200423177 /* NSDictionary+DXHelper.m */ = {isa = PBXFileReference; fileEncoding = 4; lastKnownFileType = sourcecode.c.objc; path = "NSDictionary+DXHelper.m"; sourceTree = "<group>"; };
		1D55BE9D1EF4016A00423177 /* NSDate+DXHelper.h */ = {isa = PBXFileReference; fileEncoding = 4; lastKnownFileType = sourcecode.c.h; path = "NSDate+DXHelper.h"; sourceTree = "<group>"; };
		1D55BE9E1EF4016A00423177 /* NSDate+DXHelper.m */ = {isa = PBXFileReference; fileEncoding = 4; lastKnownFileType = sourcecode.c.objc; path = "NSDate+DXHelper.m"; sourceTree = "<group>"; };
		1D55BEA01EF4017C00423177 /* NSData+DXHelper.h */ = {isa = PBXFileReference; fileEncoding = 4; lastKnownFileType = sourcecode.c.h; path = "NSData+DXHelper.h"; sourceTree = "<group>"; };
		1D55BEA11EF4017C00423177 /* NSData+DXHelper.m */ = {isa = PBXFileReference; fileEncoding = 4; lastKnownFileType = sourcecode.c.objc; path = "NSData+DXHelper.m"; sourceTree = "<group>"; };
		1D55BEA31EF4025000423177 /* UIViewController+DXHelper.h */ = {isa = PBXFileReference; fileEncoding = 4; lastKnownFileType = sourcecode.c.h; path = "UIViewController+DXHelper.h"; sourceTree = "<group>"; };
		1D55BEA41EF4025000423177 /* UIViewController+DXHelper.m */ = {isa = PBXFileReference; fileEncoding = 4; lastKnownFileType = sourcecode.c.objc; path = "UIViewController+DXHelper.m"; sourceTree = "<group>"; };
		1D55BEA71EF402C400423177 /* DXCell.h */ = {isa = PBXFileReference; fileEncoding = 4; lastKnownFileType = sourcecode.c.h; path = DXCell.h; sourceTree = "<group>"; };
		1D55BEA81EF402C400423177 /* DXCell.m */ = {isa = PBXFileReference; fileEncoding = 4; lastKnownFileType = sourcecode.c.objc; path = DXCell.m; sourceTree = "<group>"; };
/* End PBXFileReference section */

/* Begin PBXFrameworksBuildPhase section */
		1D55BE761EF3FEE900423177 /* Frameworks */ = {
			isa = PBXFrameworksBuildPhase;
			buildActionMask = 2147483647;
			files = (
			);
			runOnlyForDeploymentPostprocessing = 0;
		};
/* End PBXFrameworksBuildPhase section */

/* Begin PBXGroup section */
		1D55BE701EF3FEE900423177 = {
			isa = PBXGroup;
			children = (
				1D11BBF71EF415A400A8B845 /* DXHelper.podspec */,
				1D55BE7B1EF3FEE900423177 /* DXHelper */,
				1D55BE7A1EF3FEE900423177 /* Products */,
			);
			sourceTree = "<group>";
		};
		1D55BE7A1EF3FEE900423177 /* Products */ = {
			isa = PBXGroup;
			children = (
				1D55BE791EF3FEE900423177 /* libDXHelper.a */,
			);
			name = Products;
			sourceTree = "<group>";
		};
		1D55BE7B1EF3FEE900423177 /* DXHelper */ = {
			isa = PBXGroup;
			children = (
				1D55BE7C1EF3FEE900423177 /* DXHelper.h */,
				1D55BE7D1EF3FEE900423177 /* DXHelper.m */,
				1D55BEA61EF4029200423177 /* DXBase */,
				1D55BE861EF3FF3A00423177 /* Foundation */,
				1D55BE871EF3FF3A00423177 /* UIKit */,
			);
			path = DXHelper;
			sourceTree = "<group>";
		};
		1D55BE861EF3FF3A00423177 /* Foundation */ = {
			isa = PBXGroup;
			children = (
				1D55BE8E1EF400EE00423177 /* NSString+DXHelper.h */,
				1D55BE8F1EF400EE00423177 /* NSString+DXHelper.m */,
				1D55BE911EF4010B00423177 /* NSMutableString+DXHelper.h */,
				1D55BE921EF4010B00423177 /* NSMutableString+DXHelper.m */,
				1D55BE941EF4012400423177 /* NSAttributedString+DXHelper.h */,
				1D55BE951EF4012400423177 /* NSAttributedString+DXHelper.m */,
				1D55BE971EF4013E00423177 /* NSMutableAttributedString+DXHelper.h */,
				1D55BE981EF4013E00423177 /* NSMutableAttributedString+DXHelper.m */,
				1D55BE9A1EF4015200423177 /* NSDictionary+DXHelper.h */,
				1D55BE9B1EF4015200423177 /* NSDictionary+DXHelper.m */,
				1D55BE9D1EF4016A00423177 /* NSDate+DXHelper.h */,
				1D55BE9E1EF4016A00423177 /* NSDate+DXHelper.m */,
				1D55BEA01EF4017C00423177 /* NSData+DXHelper.h */,
				1D55BEA11EF4017C00423177 /* NSData+DXHelper.m */,
			);
			path = Foundation;
			sourceTree = "<group>";
		};
		1D55BE871EF3FF3A00423177 /* UIKit */ = {
			isa = PBXGroup;
			children = (
				1D55BE881EF3FF5500423177 /* UIColor+DXHelper.h */,
				1D55BE891EF3FF5500423177 /* UIColor+DXHelper.m */,
				1D55BE8B1EF3FF7300423177 /* UIView+DXHelper.h */,
				1D55BE8C1EF3FF7300423177 /* UIView+DXHelper.m */,
				1D55BEA31EF4025000423177 /* UIViewController+DXHelper.h */,
				1D55BEA41EF4025000423177 /* UIViewController+DXHelper.m */,
			);
			path = UIKit;
			sourceTree = "<group>";
		};
		1D55BEA61EF4029200423177 /* DXBase */ = {
			isa = PBXGroup;
			children = (
				1D55BEA71EF402C400423177 /* DXCell.h */,
				1D55BEA81EF402C400423177 /* DXCell.m */,
			);
			path = DXBase;
			sourceTree = "<group>";
		};
/* End PBXGroup section */

/* Begin PBXNativeTarget section */
		1D55BE781EF3FEE900423177 /* DXHelper */ = {
			isa = PBXNativeTarget;
			buildConfigurationList = 1D55BE821EF3FEE900423177 /* Build configuration list for PBXNativeTarget "DXHelper" */;
			buildPhases = (
				1D55BE751EF3FEE900423177 /* Sources */,
				1D55BE761EF3FEE900423177 /* Frameworks */,
				1D55BE771EF3FEE900423177 /* CopyFiles */,
			);
			buildRules = (
			);
			dependencies = (
			);
			name = DXHelper;
			productName = DXHelper;
			productReference = 1D55BE791EF3FEE900423177 /* libDXHelper.a */;
			productType = "com.apple.product-type.library.static";
		};
/* End PBXNativeTarget section */

/* Begin PBXProject section */
		1D55BE711EF3FEE900423177 /* Project object */ = {
			isa = PBXProject;
			attributes = {
				LastUpgradeCheck = 0830;
				ORGANIZATIONNAME = doorxp;
				TargetAttributes = {
					1D55BE781EF3FEE900423177 = {
						CreatedOnToolsVersion = 8.3.2;
						ProvisioningStyle = Automatic;
					};
				};
			};
			buildConfigurationList = 1D55BE741EF3FEE900423177 /* Build configuration list for PBXProject "DXHelper" */;
			compatibilityVersion = "Xcode 3.2";
			developmentRegion = English;
			hasScannedForEncodings = 0;
			knownRegions = (
				en,
			);
			mainGroup = 1D55BE701EF3FEE900423177;
			productRefGroup = 1D55BE7A1EF3FEE900423177 /* Products */;
			projectDirPath = "";
			projectRoot = "";
			targets = (
				1D55BE781EF3FEE900423177 /* DXHelper */,
			);
		};
/* End PBXProject section */

/* Begin PBXSourcesBuildPhase section */
		1D55BE751EF3FEE900423177 /* Sources */ = {
			isa = PBXSourcesBuildPhase;
			buildActionMask = 2147483647;
			files = (
				1D55BEA21EF4017C00423177 /* NSData+DXHelper.m in Sources */,
				1D55BE9C1EF4015200423177 /* NSDictionary+DXHelper.m in Sources */,
				1D55BE7E1EF3FEE900423177 /* DXHelper.m in Sources */,
				1D55BE9F1EF4016A00423177 /* NSDate+DXHelper.m in Sources */,
				1D55BE961EF4012400423177 /* NSAttributedString+DXHelper.m in Sources */,
				1D55BE901EF400EE00423177 /* NSString+DXHelper.m in Sources */,
				1D55BE931EF4010B00423177 /* NSMutableString+DXHelper.m in Sources */,
				1D55BE991EF4013E00423177 /* NSMutableAttributedString+DXHelper.m in Sources */,
				1D55BE8D1EF3FF7300423177 /* UIView+DXHelper.m in Sources */,
				1D55BE8A1EF3FF5500423177 /* UIColor+DXHelper.m in Sources */,
				1D55BEA51EF4025000423177 /* UIViewController+DXHelper.m in Sources */,
				1D55BEA91EF402C400423177 /* DXCell.m in Sources */,
			);
			runOnlyForDeploymentPostprocessing = 0;
		};
/* End PBXSourcesBuildPhase section */

/* Begin XCBuildConfiguration section */
		1D55BE801EF3FEE900423177 /* Debug */ = {
			isa = XCBuildConfiguration;
			buildSettings = {
				ALWAYS_SEARCH_USER_PATHS = NO;
				CLANG_ANALYZER_NONNULL = YES;
				CLANG_ANALYZER_NUMBER_OBJECT_CONVERSION = YES_AGGRESSIVE;
				CLANG_CXX_LANGUAGE_STANDARD = "gnu++0x";
				CLANG_CXX_LIBRARY = "libc++";
				CLANG_ENABLE_MODULES = YES;
				CLANG_ENABLE_OBJC_ARC = YES;
				CLANG_WARN_BOOL_CONVERSION = YES;
				CLANG_WARN_CONSTANT_CONVERSION = YES;
				CLANG_WARN_DIRECT_OBJC_ISA_USAGE = YES_ERROR;
				CLANG_WARN_DOCUMENTATION_COMMENTS = YES;
				CLANG_WARN_EMPTY_BODY = YES;
				CLANG_WARN_ENUM_CONVERSION = YES;
				CLANG_WARN_INFINITE_RECURSION = YES;
				CLANG_WARN_INT_CONVERSION = YES;
				CLANG_WARN_OBJC_ROOT_CLASS = YES_ERROR;
				CLANG_WARN_SUSPICIOUS_MOVE = YES;
				CLANG_WARN_UNREACHABLE_CODE = YES;
				CLANG_WARN__DUPLICATE_METHOD_MATCH = YES;
				"CODE_SIGN_IDENTITY[sdk=iphoneos*]" = "iPhone Developer";
				COPY_PHASE_STRIP = NO;
				DEBUG_INFORMATION_FORMAT = dwarf;
				ENABLE_STRICT_OBJC_MSGSEND = YES;
				ENABLE_TESTABILITY = YES;
				GCC_C_LANGUAGE_STANDARD = gnu99;
				GCC_DYNAMIC_NO_PIC = NO;
				GCC_NO_COMMON_BLOCKS = YES;
				GCC_OPTIMIZATION_LEVEL = 0;
				GCC_PREPROCESSOR_DEFINITIONS = (
					"DEBUG=1",
					"$(inherited)",
				);
				GCC_WARN_64_TO_32_BIT_CONVERSION = YES;
				GCC_WARN_ABOUT_RETURN_TYPE = YES_ERROR;
				GCC_WARN_UNDECLARED_SELECTOR = YES;
				GCC_WARN_UNINITIALIZED_AUTOS = YES_AGGRESSIVE;
				GCC_WARN_UNUSED_FUNCTION = YES;
				GCC_WARN_UNUSED_VARIABLE = YES;
				IPHONEOS_DEPLOYMENT_TARGET = 10.3;
				MTL_ENABLE_DEBUG_INFO = YES;
				ONLY_ACTIVE_ARCH = YES;
				SDKROOT = iphoneos;
			};
			name = Debug;
		};
		1D55BE811EF3FEE900423177 /* Release */ = {
			isa = XCBuildConfiguration;
			buildSettings = {
				ALWAYS_SEARCH_USER_PATHS = NO;
				CLANG_ANALYZER_NONNULL = YES;
				CLANG_ANALYZER_NUMBER_OBJECT_CONVERSION = YES_AGGRESSIVE;
				CLANG_CXX_LANGUAGE_STANDARD = "gnu++0x";
				CLANG_CXX_LIBRARY = "libc++";
				CLANG_ENABLE_MODULES = YES;
				CLANG_ENABLE_OBJC_ARC = YES;
				CLANG_WARN_BOOL_CONVERSION = YES;
				CLANG_WARN_CONSTANT_CONVERSION = YES;
				CLANG_WARN_DIRECT_OBJC_ISA_USAGE = YES_ERROR;
				CLANG_WARN_DOCUMENTATION_COMMENTS = YES;
				CLANG_WARN_EMPTY_BODY = YES;
				CLANG_WARN_ENUM_CONVERSION = YES;
				CLANG_WARN_INFINITE_RECURSION = YES;
				CLANG_WARN_INT_CONVERSION = YES;
				CLANG_WARN_OBJC_ROOT_CLASS = YES_ERROR;
				CLANG_WARN_SUSPICIOUS_MOVE = YES;
				CLANG_WARN_UNREACHABLE_CODE = YES;
				CLANG_WARN__DUPLICATE_METHOD_MATCH = YES;
				"CODE_SIGN_IDENTITY[sdk=iphoneos*]" = "iPhone Developer";
				COPY_PHASE_STRIP = NO;
				DEBUG_INFORMATION_FORMAT = "dwarf-with-dsym";
				ENABLE_NS_ASSERTIONS = NO;
				ENABLE_STRICT_OBJC_MSGSEND = YES;
				GCC_C_LANGUAGE_STANDARD = gnu99;
				GCC_NO_COMMON_BLOCKS = YES;
				GCC_WARN_64_TO_32_BIT_CONVERSION = YES;
				GCC_WARN_ABOUT_RETURN_TYPE = YES_ERROR;
				GCC_WARN_UNDECLARED_SELECTOR = YES;
				GCC_WARN_UNINITIALIZED_AUTOS = YES_AGGRESSIVE;
				GCC_WARN_UNUSED_FUNCTION = YES;
				GCC_WARN_UNUSED_VARIABLE = YES;
				IPHONEOS_DEPLOYMENT_TARGET = 10.3;
				MTL_ENABLE_DEBUG_INFO = NO;
				SDKROOT = iphoneos;
				VALIDATE_PRODUCT = YES;
			};
			name = Release;
		};
		1D55BE831EF3FEE900423177 /* Debug */ = {
			isa = XCBuildConfiguration;
			buildSettings = {
				OTHER_LDFLAGS = "-ObjC";
				PRODUCT_NAME = "$(TARGET_NAME)";
				SKIP_INSTALL = YES;
			};
			name = Debug;
		};
		1D55BE841EF3FEE900423177 /* Release */ = {
			isa = XCBuildConfiguration;
			buildSettings = {
				OTHER_LDFLAGS = "-ObjC";
				PRODUCT_NAME = "$(TARGET_NAME)";
				SKIP_INSTALL = YES;
			};
			name = Release;
		};
/* End XCBuildConfiguration section */

/* Begin XCConfigurationList section */
		1D55BE741EF3FEE900423177 /* Build configuration list for PBXProject "DXHelper" */ = {
			isa = XCConfigurationList;
			buildConfigurations = (
				1D55BE801EF3FEE900423177 /* Debug */,
				1D55BE811EF3FEE900423177 /* Release */,
			);
			defaultConfigurationIsVisible = 0;
			defaultConfigurationName = Release;
		};
		1D55BE821EF3FEE900423177 /* Build configuration list for PBXNativeTarget "DXHelper" */ = {
			isa = XCConfigurationList;
			buildConfigurations = (
				1D55BE831EF3FEE900423177 /* Debug */,
				1D55BE841EF3FEE900423177 /* Release */,
			);
			defaultConfigurationIsVisible = 0;
			defaultConfigurationName = Release;
		};
/* End XCConfigurationList section */
	};
	rootObject = 1D55BE711EF3FEE900423177 /* Project object */;
}
